{
  "name": "ethereum-dex",
  "version": "1.0.0",
  "lockfileVersion": 1,
  "requires": true,
  "dependencies": {
    "@openzeppelin/contracts": {
      "version": "4.2.0",
      "resolved": "https://descinet.bbva.es/artifactory/api/npm/npm/@openzeppelin/contracts/-/contracts-4.2.0.tgz",
      "integrity": "sha1-Jg2SHZk1bkgBPZ12DKqmzqNdxkI="
    }
  }
}
