{
  "name": "ethereum-dex",
  "version": "1.0.0",
  "lockfileVersion": 1,
  "requires": true,
  "dependencies": {
    "@openzeppelin/contracts": {
      "version": "4.2.0",
      "resolved": "https://descinet.bbva.es/artifactory/api/npm/npm/@openzeppelin/contracts/-/contracts-4.2.0.tgz",
      "integrity": "sha1-Jg2SHZk1bkgBPZ12DKqmzqNdxkI="
    },
    "@solidity-parser/parser": {
      "version": "0.13.2",
      "resolved": "https://descinet.bbva.es/artifactory/api/npm/npm/@solidity-parser/parser/-/parser-0.13.2.tgz",
      "integrity": "sha1-tscdjKCzgtkKe77SQfm8EQr2XL4=",
      "dev": true,
      "requires": {
        "antlr4ts": "^0.5.0-alpha.4"
      }
    },
    "ansi-regex": {
      "version": "5.0.0",
      "resolved": "https://descinet.bbva.es/artifactory/api/npm/npm/ansi-regex/-/ansi-regex-5.0.0.tgz",
      "integrity": "sha1-OIU59VF5vzkznIGvMKZU1p+Hy3U=",
      "dev": true
    },
    "antlr4ts": {
      "version": "0.5.0-alpha.4",
      "resolved": "https://descinet.bbva.es/artifactory/api/npm/npm/antlr4ts/-/antlr4ts-0.5.0-alpha.4.tgz",
      "integrity": "sha1-cXAoZah0eO0LQMBwn0Is8U1RZSo=",
      "dev": true
    },
    "emoji-regex": {
      "version": "9.2.2",
      "resolved": "https://descinet.bbva.es/artifactory/api/npm/npm/emoji-regex/-/emoji-regex-9.2.2.tgz",
      "integrity": "sha1-hAyIA7DYBH9P8M+WMXazLU7z7XI=",
      "dev": true
    },
    "escape-string-regexp": {
      "version": "4.0.0",
      "resolved": "https://descinet.bbva.es/artifactory/api/npm/npm/escape-string-regexp/-/escape-string-regexp-4.0.0.tgz",
      "integrity": "sha1-FLqDpdNz49MR5a/KKc9b+tllvzQ=",
      "dev": true
    },
    "is-fullwidth-code-point": {
      "version": "3.0.0",
      "resolved": "https://descinet.bbva.es/artifactory/api/npm/npm/is-fullwidth-code-point/-/is-fullwidth-code-point-3.0.0.tgz",
      "integrity": "sha1-8Rb4Bk/pCz94RKOJl8C3UFEmnx0=",
      "dev": true
    },
    "lru-cache": {
      "version": "6.0.0",
      "resolved": "https://descinet.bbva.es/artifactory/api/npm/npm/lru-cache/-/lru-cache-6.0.0.tgz",
      "integrity": "sha1-bW/mVw69lqr5D8rR2vo7JWbbOpQ=",
      "dev": true,
      "requires": {
        "yallist": "^4.0.0"
      }
    },
    "prettier": {
      "version": "2.3.2",
      "resolved": "https://descinet.bbva.es/artifactory/api/npm/npm/prettier/-/prettier-2.3.2.tgz",
      "integrity": "sha1-7ygKBewlNxLkhiM9tcbyNEHnNC0=",
      "dev": true
    },
    "prettier-plugin-solidity": {
      "version": "1.0.0-beta.17",
      "resolved": "https://descinet.bbva.es/artifactory/api/npm/npm/prettier-plugin-solidity/-/prettier-plugin-solidity-1.0.0-beta.17.tgz",
      "integrity": "sha1-/A/pdyArZQN2OjODg+/s6qbHZh4=",
      "dev": true,
      "requires": {
        "@solidity-parser/parser": "^0.13.2",
        "emoji-regex": "^9.2.2",
        "escape-string-regexp": "^4.0.0",
        "semver": "^7.3.5",
        "solidity-comments-extractor": "^0.0.7",
        "string-width": "^4.2.2"
      }
    },
    "semver": {
      "version": "7.3.5",
      "resolved": "https://descinet.bbva.es/artifactory/api/npm/npm/semver/-/semver-7.3.5.tgz",
      "integrity": "sha1-C2Ich5NI2JmOSw5L6Us/EuYBjvc=",
      "dev": true,
      "requires": {
        "lru-cache": "^6.0.0"
      }
    },
    "solidity-comments-extractor": {
      "version": "0.0.7",
      "resolved": "https://descinet.bbva.es/artifactory/api/npm/npm/solidity-comments-extractor/-/solidity-comments-extractor-0.0.7.tgz",
      "integrity": "sha1-mdjxNhQ4+EAZeV2Si5MfTlw5yhk=",
      "dev": true
    },
    "string-width": {
      "version": "4.2.2",
      "resolved": "https://descinet.bbva.es/artifactory/api/npm/npm/string-width/-/string-width-4.2.2.tgz",
      "integrity": "sha1-2v1PlVmnWFz7pSnGoKT3NIjr1MU=",
      "dev": true,
      "requires": {
        "emoji-regex": "^8.0.0",
        "is-fullwidth-code-point": "^3.0.0",
        "strip-ansi": "^6.0.0"
      },
      "dependencies": {
        "emoji-regex": {
          "version": "8.0.0",
          "resolved": "https://descinet.bbva.es/artifactory/api/npm/npm/emoji-regex/-/emoji-regex-8.0.0.tgz",
          "integrity": "sha1-6Bj9ac5cz8tARZT4QpY79TFkzDc=",
          "dev": true
        }
      }
    },
    "strip-ansi": {
      "version": "6.0.0",
      "resolved": "https://descinet.bbva.es/artifactory/api/npm/npm/strip-ansi/-/strip-ansi-6.0.0.tgz",
      "integrity": "sha1-CxVx3XZpzNTz4G4U7x7tJiJa5TI=",
      "dev": true,
      "requires": {
        "ansi-regex": "^5.0.0"
      }
    },
    "yallist": {
      "version": "4.0.0",
      "resolved": "https://descinet.bbva.es/artifactory/api/npm/npm/yallist/-/yallist-4.0.0.tgz",
      "integrity": "sha1-m7knkNnA7/7GO+c1GeEaNQGaOnI=",
      "dev": true
    }
  }
}
